
Microsoft Visual Studio Solution File, Format Version 12.00
# Visual Studio 2012
Project("{2150E333-8FDC-42A3-9474-1A3956D46DE8}") = "Solution Items", "Solution Items", "{1C5E7984-3DB6-4404-B897-03F43F6563D9}"
	ProjectSection(SolutionItems) = preProject
		ELearning.vsmdi = ELearning.vsmdi
		Local.testsettings = Local.testsettings
		Performance1.psess = Performance1.psess
		Performance2.psess = Performance2.psess
		TraceAndTestImpact.testsettings = TraceAndTestImpact.testsettings
	EndProjectSection
EndProject
Project("{FAE04EC0-301F-11D3-BF4B-00C04F79EFBC}") = "ELearning", "ELearning\ELearning.csproj", "{8F8AB224-DE16-4F76-9F31-FA8BFC0B9A5E}"
EndProject
Project("{FAE04EC0-301F-11D3-BF4B-00C04F79EFBC}") = "Data", "Data\Data.csproj", "{A577BC22-4066-4FFC-A54D-88E955FD89A8}"
EndProject
Project("{FAE04EC0-301F-11D3-BF4B-00C04F79EFBC}") = "Shared", "Shared\Shared.csproj", "{B610B6F9-4DAE-4D6B-B43C-9201FFD9EB48}"
EndProject
Project("{FAE04EC0-301F-11D3-BF4B-00C04F79EFBC}") = "Business", "Business\Business.csproj", "{97C523EF-370C-4D56-8FDC-DE16C2EF96C5}"
EndProject
Project("{FAE04EC0-301F-11D3-BF4B-00C04F79EFBC}") = "UnitTests", "UnitTests\UnitTests.csproj", "{3EC97E2C-30D0-4E42-8E76-FF7FD646B5D5}"
EndProject
Project("{00D1A9C2-B5F0-4AF3-8072-F6C62B433612}") = "Database", "Database\Database.sqlproj", "{193E540A-A6F3-4C8C-A028-853E2D497CB0}"
EndProject
Project("{FAE04EC0-301F-11D3-BF4B-00C04F79EFBC}") = "SeleniumTests", "SeleniumTests\SeleniumTests.csproj", "{CBA7D2C6-4FC3-4F57-8466-6B5CD8217284}"
EndProject
Global
	GlobalSection(TestCaseManagementSettings) = postSolution
		CategoryFile = ELearning.vsmdi
	EndGlobalSection
	GlobalSection(SolutionConfigurationPlatforms) = preSolution
		Debug|Any CPU = Debug|Any CPU
		egymcak.robertsojak.cz|Any CPU = egymcak.robertsojak.cz|Any CPU
		ElearningRobertsojakRelease|Any CPU = ElearningRobertsojakRelease|Any CPU
		Release|Any CPU = Release|Any CPU
	EndGlobalSection
	GlobalSection(ProjectConfigurationPlatforms) = postSolution
		{8F8AB224-DE16-4F76-9F31-FA8BFC0B9A5E}.Debug|Any CPU.ActiveCfg = Debug|Any CPU
		{8F8AB224-DE16-4F76-9F31-FA8BFC0B9A5E}.Debug|Any CPU.Build.0 = Debug|Any CPU
		{8F8AB224-DE16-4F76-9F31-FA8BFC0B9A5E}.egymcak.robertsojak.cz|Any CPU.ActiveCfg = egymcak.robertsojak.cz|Any CPU
		{8F8AB224-DE16-4F76-9F31-FA8BFC0B9A5E}.egymcak.robertsojak.cz|Any CPU.Build.0 = egymcak.robertsojak.cz|Any CPU
		{8F8AB224-DE16-4F76-9F31-FA8BFC0B9A5E}.ElearningRobertsojakRelease|Any CPU.ActiveCfg = ElearningRobertsojakRelease|Any CPU
		{8F8AB224-DE16-4F76-9F31-FA8BFC0B9A5E}.ElearningRobertsojakRelease|Any CPU.Build.0 = ElearningRobertsojakRelease|Any CPU
		{8F8AB224-DE16-4F76-9F31-FA8BFC0B9A5E}.Release|Any CPU.ActiveCfg = Release|Any CPU
		{8F8AB224-DE16-4F76-9F31-FA8BFC0B9A5E}.Release|Any CPU.Build.0 = Release|Any CPU
		{A577BC22-4066-4FFC-A54D-88E955FD89A8}.Debug|Any CPU.ActiveCfg = Debug|Any CPU
		{A577BC22-4066-4FFC-A54D-88E955FD89A8}.Debug|Any CPU.Build.0 = Debug|Any CPU
		{A577BC22-4066-4FFC-A54D-88E955FD89A8}.egymcak.robertsojak.cz|Any CPU.ActiveCfg = egymcak.robertsojak.cz|Any CPU
		{A577BC22-4066-4FFC-A54D-88E955FD89A8}.egymcak.robertsojak.cz|Any CPU.Build.0 = egymcak.robertsojak.cz|Any CPU
		{A577BC22-4066-4FFC-A54D-88E955FD89A8}.ElearningRobertsojakRelease|Any CPU.ActiveCfg = ElearningRobertsojakRelease|Any CPU
		{A577BC22-4066-4FFC-A54D-88E955FD89A8}.ElearningRobertsojakRelease|Any CPU.Build.0 = ElearningRobertsojakRelease|Any CPU
		{A577BC22-4066-4FFC-A54D-88E955FD89A8}.Release|Any CPU.ActiveCfg = Release|Any CPU
		{A577BC22-4066-4FFC-A54D-88E955FD89A8}.Release|Any CPU.Build.0 = Release|Any CPU
		{B610B6F9-4DAE-4D6B-B43C-9201FFD9EB48}.Debug|Any CPU.ActiveCfg = Debug|Any CPU
		{B610B6F9-4DAE-4D6B-B43C-9201FFD9EB48}.Debug|Any CPU.Build.0 = Debug|Any CPU
		{B610B6F9-4DAE-4D6B-B43C-9201FFD9EB48}.egymcak.robertsojak.cz|Any CPU.ActiveCfg = egymcak.robertsojak.cz|Any CPU
		{B610B6F9-4DAE-4D6B-B43C-9201FFD9EB48}.egymcak.robertsojak.cz|Any CPU.Build.0 = egymcak.robertsojak.cz|Any CPU
		{B610B6F9-4DAE-4D6B-B43C-9201FFD9EB48}.ElearningRobertsojakRelease|Any CPU.ActiveCfg = ElearningRobertsojakRelease|Any CPU
		{B610B6F9-4DAE-4D6B-B43C-9201FFD9EB48}.ElearningRobertsojakRelease|Any CPU.Build.0 = ElearningRobertsojakRelease|Any CPU
		{B610B6F9-4DAE-4D6B-B43C-9201FFD9EB48}.Release|Any CPU.ActiveCfg = Release|Any CPU
		{B610B6F9-4DAE-4D6B-B43C-9201FFD9EB48}.Release|Any CPU.Build.0 = Release|Any CPU
		{97C523EF-370C-4D56-8FDC-DE16C2EF96C5}.Debug|Any CPU.ActiveCfg = Debug|Any CPU
		{97C523EF-370C-4D56-8FDC-DE16C2EF96C5}.Debug|Any CPU.Build.0 = Debug|Any CPU
		{97C523EF-370C-4D56-8FDC-DE16C2EF96C5}.egymcak.robertsojak.cz|Any CPU.ActiveCfg = egymcak.robertsojak.cz|Any CPU
		{97C523EF-370C-4D56-8FDC-DE16C2EF96C5}.egymcak.robertsojak.cz|Any CPU.Build.0 = egymcak.robertsojak.cz|Any CPU
		{97C523EF-370C-4D56-8FDC-DE16C2EF96C5}.ElearningRobertsojakRelease|Any CPU.ActiveCfg = ElearningRobertsojakRelease|Any CPU
		{97C523EF-370C-4D56-8FDC-DE16C2EF96C5}.ElearningRobertsojakRelease|Any CPU.Build.0 = ElearningRobertsojakRelease|Any CPU
		{97C523EF-370C-4D56-8FDC-DE16C2EF96C5}.Release|Any CPU.ActiveCfg = Release|Any CPU
		{97C523EF-370C-4D56-8FDC-DE16C2EF96C5}.Release|Any CPU.Build.0 = Release|Any CPU
		{3EC97E2C-30D0-4E42-8E76-FF7FD646B5D5}.Debug|Any CPU.ActiveCfg = Debug|Any CPU
		{3EC97E2C-30D0-4E42-8E76-FF7FD646B5D5}.Debug|Any CPU.Build.0 = Debug|Any CPU
		{3EC97E2C-30D0-4E42-8E76-FF7FD646B5D5}.egymcak.robertsojak.cz|Any CPU.ActiveCfg = egymcak.robertsojak.cz|Any CPU
		{3EC97E2C-30D0-4E42-8E76-FF7FD646B5D5}.egymcak.robertsojak.cz|Any CPU.Build.0 = egymcak.robertsojak.cz|Any CPU
		{3EC97E2C-30D0-4E42-8E76-FF7FD646B5D5}.ElearningRobertsojakRelease|Any CPU.ActiveCfg = ElearningRobertsojakRelease|Any CPU
		{3EC97E2C-30D0-4E42-8E76-FF7FD646B5D5}.ElearningRobertsojakRelease|Any CPU.Build.0 = ElearningRobertsojakRelease|Any CPU
		{3EC97E2C-30D0-4E42-8E76-FF7FD646B5D5}.Release|Any CPU.ActiveCfg = Release|Any CPU
		{3EC97E2C-30D0-4E42-8E76-FF7FD646B5D5}.Release|Any CPU.Build.0 = Release|Any CPU
		{193E540A-A6F3-4C8C-A028-853E2D497CB0}.Debug|Any CPU.ActiveCfg = Debug|Any CPU
		{193E540A-A6F3-4C8C-A028-853E2D497CB0}.Debug|Any CPU.Build.0 = Debug|Any CPU
		{193E540A-A6F3-4C8C-A028-853E2D497CB0}.Debug|Any CPU.Deploy.0 = Debug|Any CPU
		{193E540A-A6F3-4C8C-A028-853E2D497CB0}.egymcak.robertsojak.cz|Any CPU.ActiveCfg = egymcak.robertsojak.cz|Any CPU
		{193E540A-A6F3-4C8C-A028-853E2D497CB0}.egymcak.robertsojak.cz|Any CPU.Build.0 = egymcak.robertsojak.cz|Any CPU
		{193E540A-A6F3-4C8C-A028-853E2D497CB0}.egymcak.robertsojak.cz|Any CPU.Deploy.0 = egymcak.robertsojak.cz|Any CPU
		{193E540A-A6F3-4C8C-A028-853E2D497CB0}.ElearningRobertsojakRelease|Any CPU.ActiveCfg = ElearningRobertsojakRelease|Any CPU
		{193E540A-A6F3-4C8C-A028-853E2D497CB0}.ElearningRobertsojakRelease|Any CPU.Build.0 = ElearningRobertsojakRelease|Any CPU
		{193E540A-A6F3-4C8C-A028-853E2D497CB0}.ElearningRobertsojakRelease|Any CPU.Deploy.0 = ElearningRobertsojakRelease|Any CPU
		{193E540A-A6F3-4C8C-A028-853E2D497CB0}.Release|Any CPU.ActiveCfg = Release|Any CPU
		{193E540A-A6F3-4C8C-A028-853E2D497CB0}.Release|Any CPU.Build.0 = Release|Any CPU
		{193E540A-A6F3-4C8C-A028-853E2D497CB0}.Release|Any CPU.Deploy.0 = Release|Any CPU
		{CBA7D2C6-4FC3-4F57-8466-6B5CD8217284}.Debug|Any CPU.ActiveCfg = Debug|Any CPU
		{CBA7D2C6-4FC3-4F57-8466-6B5CD8217284}.Debug|Any CPU.Build.0 = Debug|Any CPU
		{CBA7D2C6-4FC3-4F57-8466-6B5CD8217284}.egymcak.robertsojak.cz|Any CPU.ActiveCfg = Release|Any CPU
		{CBA7D2C6-4FC3-4F57-8466-6B5CD8217284}.egymcak.robertsojak.cz|Any CPU.Build.0 = Release|Any CPU
		{CBA7D2C6-4FC3-4F57-8466-6B5CD8217284}.ElearningRobertsojakRelease|Any CPU.ActiveCfg = Release|Any CPU
		{CBA7D2C6-4FC3-4F57-8466-6B5CD8217284}.ElearningRobertsojakRelease|Any CPU.Build.0 = Release|Any CPU
		{CBA7D2C6-4FC3-4F57-8466-6B5CD8217284}.Release|Any CPU.ActiveCfg = Release|Any CPU
		{CBA7D2C6-4FC3-4F57-8466-6B5CD8217284}.Release|Any CPU.Build.0 = Release|Any CPU
	EndGlobalSection
	GlobalSection(SolutionProperties) = preSolution
		HideSolutionNode = FALSE
	EndGlobalSection
	GlobalSection(ExtensibilityGlobals) = postSolution
		EnterpriseLibraryConfigurationToolBinariesPath = packages\Unity.2.1.505.0\lib\NET35
	EndGlobalSection
EndGlobal
